{
  "name": "native-boing-tutorial",
  "version": "0.1.0",
  "lockfileVersion": 3,
  "requires": true,
  "packages": {
    "": {
      "name": "native-boing-tutorial",
      "version": "0.1.0",
      "dependencies": {
        "boing-sdk": "file:../../boing-sdk"
      }
    },
    "../../boing-sdk": {
      "version": "0.2.0",
      "license": "MIT",
      "dependencies": {
        "@noble/ed25519": "^2.2.0",
        "@noble/hashes": "^1.6.0"
      },
      "devDependencies": {
        "typescript": "^5.3.0",
        "vitest": "^2.1.0"
      }
    },
    "node_modules/boing-sdk": {
      "resolved": "../../boing-sdk",
      "link": true
    }
  }
}
